// !$*UTF8*$!
{
	archiveVersion = 1;
	classes = {
	};
	objectVersion = 48;
	objects = {

/* Begin PBXBuildFile section */
		935F84462049E3BF00814A09 /* AppDelegate.swift in Sources */ = {isa = PBXBuildFile; fileRef = 935F84452049E3BF00814A09 /* AppDelegate.swift */; };
		935F84482049E3BF00814A09 /* ViewController.swift in Sources */ = {isa = PBXBuildFile; fileRef = 935F84472049E3BF00814A09 /* ViewController.swift */; };
		935F844B2049E3BF00814A09 /* Main.storyboard in Resources */ = {isa = PBXBuildFile; fileRef = 935F84492049E3BF00814A09 /* Main.storyboard */; };
		935F844D2049E3BF00814A09 /* Assets.xcassets in Resources */ = {isa = PBXBuildFile; fileRef = 935F844C2049E3BF00814A09 /* Assets.xcassets */; };
		935F84502049E3BF00814A09 /* LaunchScreen.storyboard in Resources */ = {isa = PBXBuildFile; fileRef = 935F844E2049E3BF00814A09 /* LaunchScreen.storyboard */; };
		935F845B2049E3BF00814A09 /* AnimatedWaveViewExampleTests.swift in Sources */ = {isa = PBXBuildFile; fileRef = 935F845A2049E3BF00814A09 /* AnimatedWaveViewExampleTests.swift */; };
		935F84662049E3BF00814A09 /* AnimatedWaveViewExampleUITests.swift in Sources */ = {isa = PBXBuildFile; fileRef = 935F84652049E3BF00814A09 /* AnimatedWaveViewExampleUITests.swift */; };
		935F84742049E3E000814A09 /* AnimatedWaveView.swift in Sources */ = {isa = PBXBuildFile; fileRef = 935F84732049E3E000814A09 /* AnimatedWaveView.swift */; };
		935F84762049E44D00814A09 /* RadialGradientLayer.swift in Sources */ = {isa = PBXBuildFile; fileRef = 935F84752049E44D00814A09 /* RadialGradientLayer.swift */; };
		935F84782049E6EB00814A09 /* PathBuilder.swift in Sources */ = {isa = PBXBuildFile; fileRef = 935F84772049E6EB00814A09 /* PathBuilder.swift */; };
/* End PBXBuildFile section */

/* Begin PBXContainerItemProxy section */
		935F84572049E3BF00814A09 /* PBXContainerItemProxy */ = {
			isa = PBXContainerItemProxy;
			containerPortal = 935F843A2049E3BF00814A09 /* Project object */;
			proxyType = 1;
			remoteGlobalIDString = 935F84412049E3BF00814A09;
			remoteInfo = AnimatedWaveViewExample;
		};
		935F84622049E3BF00814A09 /* PBXContainerItemProxy */ = {
			isa = PBXContainerItemProxy;
			containerPortal = 935F843A2049E3BF00814A09 /* Project object */;
			proxyType = 1;
			remoteGlobalIDString = 935F84412049E3BF00814A09;
			remoteInfo = AnimatedWaveViewExample;
		};
/* End PBXContainerItemProxy section */

/* Begin PBXFileReference section */
		935F84422049E3BF00814A09 /* AnimatedWaveViewExample.app */ = {isa = PBXFileReference; explicitFileType = wrapper.application; includeInIndex = 0; path = AnimatedWaveViewExample.app; sourceTree = BUILT_PRODUCTS_DIR; };
		935F84452049E3BF00814A09 /* AppDelegate.swift */ = {isa = PBXFileReference; lastKnownFileType = sourcecode.swift; path = AppDelegate.swift; sourceTree = "<group>"; };
		935F84472049E3BF00814A09 /* ViewController.swift */ = {isa = PBXFileReference; lastKnownFileType = sourcecode.swift; path = ViewController.swift; sourceTree = "<group>"; };
		935F844A2049E3BF00814A09 /* Base */ = {isa = PBXFileReference; lastKnownFileType = file.storyboard; name = Base; path = Base.lproj/Main.storyboard; sourceTree = "<group>"; };
		935F844C2049E3BF00814A09 /* Assets.xcassets */ = {isa = PBXFileReference; lastKnownFileType = folder.assetcatalog; path = Assets.xcassets; sourceTree = "<group>"; };
		935F844F2049E3BF00814A09 /* Base */ = {isa = PBXFileReference; lastKnownFileType = file.storyboard; name = Base; path = Base.lproj/LaunchScreen.storyboard; sourceTree = "<group>"; };
		935F84512049E3BF00814A09 /* Info.plist */ = {isa = PBXFileReference; lastKnownFileType = text.plist.xml; path = Info.plist; sourceTree = "<group>"; };
		935F84562049E3BF00814A09 /* AnimatedWaveViewExampleTests.xctest */ = {isa = PBXFileReference; explicitFileType = wrapper.cfbundle; includeInIndex = 0; path = AnimatedWaveViewExampleTests.xctest; sourceTree = BUILT_PRODUCTS_DIR; };
		935F845A2049E3BF00814A09 /* AnimatedWaveViewExampleTests.swift */ = {isa = PBXFileReference; lastKnownFileType = sourcecode.swift; path = AnimatedWaveViewExampleTests.swift; sourceTree = "<group>"; };
		935F845C2049E3BF00814A09 /* Info.plist */ = {isa = PBXFileReference; lastKnownFileType = text.plist.xml; path = Info.plist; sourceTree = "<group>"; };
		935F84612049E3BF00814A09 /* AnimatedWaveViewExampleUITests.xctest */ = {isa = PBXFileReference; explicitFileType = wrapper.cfbundle; includeInIndex = 0; path = AnimatedWaveViewExampleUITests.xctest; sourceTree = BUILT_PRODUCTS_DIR; };
		935F84652049E3BF00814A09 /* AnimatedWaveViewExampleUITests.swift */ = {isa = PBXFileReference; lastKnownFileType = sourcecode.swift; path = AnimatedWaveViewExampleUITests.swift; sourceTree = "<group>"; };
		935F84672049E3BF00814A09 /* Info.plist */ = {isa = PBXFileReference; lastKnownFileType = text.plist.xml; path = Info.plist; sourceTree = "<group>"; };
		935F84732049E3E000814A09 /* AnimatedWaveView.swift */ = {isa = PBXFileReference; lastKnownFileType = sourcecode.swift; path = AnimatedWaveView.swift; sourceTree = "<group>"; };
		935F84752049E44D00814A09 /* RadialGradientLayer.swift */ = {isa = PBXFileReference; lastKnownFileType = sourcecode.swift; path = RadialGradientLayer.swift; sourceTree = "<group>"; };
		935F84772049E6EB00814A09 /* PathBuilder.swift */ = {isa = PBXFileReference; lastKnownFileType = sourcecode.swift; path = PathBuilder.swift; sourceTree = "<group>"; };
/* End PBXFileReference section */

/* Begin PBXFrameworksBuildPhase section */
		935F843F2049E3BF00814A09 /* Frameworks */ = {
			isa = PBXFrameworksBuildPhase;
			buildActionMask = 2147483647;
			files = (
			);
			runOnlyForDeploymentPostprocessing = 0;
		};
		935F84532049E3BF00814A09 /* Frameworks */ = {
			isa = PBXFrameworksBuildPhase;
			buildActionMask = 2147483647;
			files = (
			);
			runOnlyForDeploymentPostprocessing = 0;
		};
		935F845E2049E3BF00814A09 /* Frameworks */ = {
			isa = PBXFrameworksBuildPhase;
			buildActionMask = 2147483647;
			files = (
			);
			runOnlyForDeploymentPostprocessing = 0;
		};
/* End PBXFrameworksBuildPhase section */

/* Begin PBXGroup section */
		935F84392049E3BF00814A09 = {
			isa = PBXGroup;
			children = (
				935F84442049E3BF00814A09 /* AnimatedWaveViewExample */,
				935F84592049E3BF00814A09 /* AnimatedWaveViewExampleTests */,
				935F84642049E3BF00814A09 /* AnimatedWaveViewExampleUITests */,
				935F84432049E3BF00814A09 /* Products */,
			);
			sourceTree = "<group>";
		};
		935F84432049E3BF00814A09 /* Products */ = {
			isa = PBXGroup;
			children = (
				935F84422049E3BF00814A09 /* AnimatedWaveViewExample.app */,
				935F84562049E3BF00814A09 /* AnimatedWaveViewExampleTests.xctest */,
				935F84612049E3BF00814A09 /* AnimatedWaveViewExampleUITests.xctest */,
			);
			name = Products;
			sourceTree = "<group>";
		};
		935F84442049E3BF00814A09 /* AnimatedWaveViewExample */ = {
			isa = PBXGroup;
			children = (
				935F84452049E3BF00814A09 /* AppDelegate.swift */,
				935F84472049E3BF00814A09 /* ViewController.swift */,
				935F84732049E3E000814A09 /* AnimatedWaveView.swift */,
				935F84772049E6EB00814A09 /* PathBuilder.swift */,
				935F84752049E44D00814A09 /* RadialGradientLayer.swift */,
				935F84492049E3BF00814A09 /* Main.storyboard */,
				935F844C2049E3BF00814A09 /* Assets.xcassets */,
				935F844E2049E3BF00814A09 /* LaunchScreen.storyboard */,
				935F84512049E3BF00814A09 /* Info.plist */,
			);
			path = AnimatedWaveViewExample;
			sourceTree = "<group>";
		};
		935F84592049E3BF00814A09 /* AnimatedWaveViewExampleTests */ = {
			isa = PBXGroup;
			children = (
				935F845A2049E3BF00814A09 /* AnimatedWaveViewExampleTests.swift */,
				935F845C2049E3BF00814A09 /* Info.plist */,
			);
			path = AnimatedWaveViewExampleTests;
			sourceTree = "<group>";
		};
		935F84642049E3BF00814A09 /* AnimatedWaveViewExampleUITests */ = {
			isa = PBXGroup;
			children = (
				935F84652049E3BF00814A09 /* AnimatedWaveViewExampleUITests.swift */,
				935F84672049E3BF00814A09 /* Info.plist */,
			);
			path = AnimatedWaveViewExampleUITests;
			sourceTree = "<group>";
		};
/* End PBXGroup section */

/* Begin PBXNativeTarget section */
		935F84412049E3BF00814A09 /* AnimatedWaveViewExample */ = {
			isa = PBXNativeTarget;
			buildConfigurationList = 935F846A2049E3BF00814A09 /* Build configuration list for PBXNativeTarget "AnimatedWaveViewExample" */;
			buildPhases = (
				935F843E2049E3BF00814A09 /* Sources */,
				935F843F2049E3BF00814A09 /* Frameworks */,
				935F84402049E3BF00814A09 /* Resources */,
			);
			buildRules = (
			);
			dependencies = (
			);
			name = AnimatedWaveViewExample;
			productName = AnimatedWaveViewExample;
			productReference = 935F84422049E3BF00814A09 /* AnimatedWaveViewExample.app */;
			productType = "com.apple.product-type.application";
		};
		935F84552049E3BF00814A09 /* AnimatedWaveViewExampleTests */ = {
			isa = PBXNativeTarget;
			buildConfigurationList = 935F846D2049E3BF00814A09 /* Build configuration list for PBXNativeTarget "AnimatedWaveViewExampleTests" */;
			buildPhases = (
				935F84522049E3BF00814A09 /* Sources */,
				935F84532049E3BF00814A09 /* Frameworks */,
				935F84542049E3BF00814A09 /* Resources */,
			);
			buildRules = (
			);
			dependencies = (
				935F84582049E3BF00814A09 /* PBXTargetDependency */,
			);
			name = AnimatedWaveViewExampleTests;
			productName = AnimatedWaveViewExampleTests;
			productReference = 935F84562049E3BF00814A09 /* AnimatedWaveViewExampleTests.xctest */;
			productType = "com.apple.product-type.bundle.unit-test";
		};
		935F84602049E3BF00814A09 /* AnimatedWaveViewExampleUITests */ = {
			isa = PBXNativeTarget;
			buildConfigurationList = 935F84702049E3BF00814A09 /* Build configuration list for PBXNativeTarget "AnimatedWaveViewExampleUITests" */;
			buildPhases = (
				935F845D2049E3BF00814A09 /* Sources */,
				935F845E2049E3BF00814A09 /* Frameworks */,
				935F845F2049E3BF00814A09 /* Resources */,
			);
			buildRules = (
			);
			dependencies = (
				935F84632049E3BF00814A09 /* PBXTargetDependency */,
			);
			name = AnimatedWaveViewExampleUITests;
			productName = AnimatedWaveViewExampleUITests;
			productReference = 935F84612049E3BF00814A09 /* AnimatedWaveViewExampleUITests.xctest */;
			productType = "com.apple.product-type.bundle.ui-testing";
		};
/* End PBXNativeTarget section */

/* Begin PBXProject section */
		935F843A2049E3BF00814A09 /* Project object */ = {
			isa = PBXProject;
			attributes = {
				LastSwiftUpdateCheck = 0920;
				LastUpgradeCheck = 0920;
				ORGANIZATIONNAME = Nike;
				TargetAttributes = {
					935F84412049E3BF00814A09 = {
						CreatedOnToolsVersion = 9.2;
						ProvisioningStyle = Automatic;
					};
					935F84552049E3BF00814A09 = {
						CreatedOnToolsVersion = 9.2;
						ProvisioningStyle = Automatic;
						TestTargetID = 935F84412049E3BF00814A09;
					};
					935F84602049E3BF00814A09 = {
						CreatedOnToolsVersion = 9.2;
						ProvisioningStyle = Automatic;
						TestTargetID = 935F84412049E3BF00814A09;
					};
				};
			};
			buildConfigurationList = 935F843D2049E3BF00814A09 /* Build configuration list for PBXProject "AnimatedWaveViewExample" */;
			compatibilityVersion = "Xcode 8.0";
			developmentRegion = en;
			hasScannedForEncodings = 0;
			knownRegions = (
				en,
				Base,
			);
			mainGroup = 935F84392049E3BF00814A09;
			productRefGroup = 935F84432049E3BF00814A09 /* Products */;
			projectDirPath = "";
			projectRoot = "";
			targets = (
				935F84412049E3BF00814A09 /* AnimatedWaveViewExample */,
				935F84552049E3BF00814A09 /* AnimatedWaveViewExampleTests */,
				935F84602049E3BF00814A09 /* AnimatedWaveViewExampleUITests */,
			);
		};
/* End PBXProject section */

/* Begin PBXResourcesBuildPhase section */
		935F84402049E3BF00814A09 /* Resources */ = {
			isa = PBXResourcesBuildPhase;
			buildActionMask = 2147483647;
			files = (
				935F84502049E3BF00814A09 /* LaunchScreen.storyboard in Resources */,
				935F844D2049E3BF00814A09 /* Assets.xcassets in Resources */,
				935F844B2049E3BF00814A09 /* Main.storyboard in Resources */,
			);
			runOnlyForDeploymentPostprocessing = 0;
		};
		935F84542049E3BF00814A09 /* Resources */ = {
			isa = PBXResourcesBuildPhase;
			buildActionMask = 2147483647;
			files = (
			);
			runOnlyForDeploymentPostprocessing = 0;
		};
		935F845F2049E3BF00814A09 /* Resources */ = {
			isa = PBXResourcesBuildPhase;
			buildActionMask = 2147483647;
			files = (
			);
			runOnlyForDeploymentPostprocessing = 0;
		};
/* End PBXResourcesBuildPhase section */

/* Begin PBXSourcesBuildPhase section */
		935F843E2049E3BF00814A09 /* Sources */ = {
			isa = PBXSourcesBuildPhase;
			buildActionMask = 2147483647;
			files = (
				935F84762049E44D00814A09 /* RadialGradientLayer.swift in Sources */,
				935F84482049E3BF00814A09 /* ViewController.swift in Sources */,
				935F84742049E3E000814A09 /* AnimatedWaveView.swift in Sources */,
				935F84462049E3BF00814A09 /* AppDelegate.swift in Sources */,
				935F84782049E6EB00814A09 /* PathBuilder.swift in Sources */,
			);
			runOnlyForDeploymentPostprocessing = 0;
		};
		935F84522049E3BF00814A09 /* Sources */ = {
			isa = PBXSourcesBuildPhase;
			buildActionMask = 2147483647;
			files = (
				935F845B2049E3BF00814A09 /* AnimatedWaveViewExampleTests.swift in Sources */,
			);
			runOnlyForDeploymentPostprocessing = 0;
		};
		935F845D2049E3BF00814A09 /* Sources */ = {
			isa = PBXSourcesBuildPhase;
			buildActionMask = 2147483647;
			files = (
				935F84662049E3BF00814A09 /* AnimatedWaveViewExampleUITests.swift in Sources */,
			);
			runOnlyForDeploymentPostprocessing = 0;
		};
/* End PBXSourcesBuildPhase section */

/* Begin PBXTargetDependency section */
		935F84582049E3BF00814A09 /* PBXTargetDependency */ = {
			isa = PBXTargetDependency;
			target = 935F84412049E3BF00814A09 /* AnimatedWaveViewExample */;
			targetProxy = 935F84572049E3BF00814A09 /* PBXContainerItemProxy */;
		};
		935F84632049E3BF00814A09 /* PBXTargetDependency */ = {
			isa = PBXTargetDependency;
			target = 935F84412049E3BF00814A09 /* AnimatedWaveViewExample */;
			targetProxy = 935F84622049E3BF00814A09 /* PBXContainerItemProxy */;
		};
/* End PBXTargetDependency section */

/* Begin PBXVariantGroup section */
		935F84492049E3BF00814A09 /* Main.storyboard */ = {
			isa = PBXVariantGroup;
			children = (
				935F844A2049E3BF00814A09 /* Base */,
			);
			name = Main.storyboard;
			sourceTree = "<group>";
		};
		935F844E2049E3BF00814A09 /* LaunchScreen.storyboard */ = {
			isa = PBXVariantGroup;
			children = (
				935F844F2049E3BF00814A09 /* Base */,
			);
			name = LaunchScreen.storyboard;
			sourceTree = "<group>";
		};
/* End PBXVariantGroup section */

/* Begin XCBuildConfiguration section */
		935F84682049E3BF00814A09 /* Debug */ = {
			isa = XCBuildConfiguration;
			buildSettings = {
				ALWAYS_SEARCH_USER_PATHS = NO;
				CLANG_ANALYZER_NONNULL = YES;
				CLANG_ANALYZER_NUMBER_OBJECT_CONVERSION = YES_AGGRESSIVE;
				CLANG_CXX_LANGUAGE_STANDARD = "gnu++14";
				CLANG_CXX_LIBRARY = "libc++";
				CLANG_ENABLE_MODULES = YES;
				CLANG_ENABLE_OBJC_ARC = YES;
				CLANG_WARN_BLOCK_CAPTURE_AUTORELEASING = YES;
				CLANG_WARN_BOOL_CONVERSION = YES;
				CLANG_WARN_COMMA = YES;
				CLANG_WARN_CONSTANT_CONVERSION = YES;
				CLANG_WARN_DIRECT_OBJC_ISA_USAGE = YES_ERROR;
				CLANG_WARN_DOCUMENTATION_COMMENTS = YES;
				CLANG_WARN_EMPTY_BODY = YES;
				CLANG_WARN_ENUM_CONVERSION = YES;
				CLANG_WARN_INFINITE_RECURSION = YES;
				CLANG_WARN_INT_CONVERSION = YES;
				CLANG_WARN_NON_LITERAL_NULL_CONVERSION = YES;
				CLANG_WARN_OBJC_LITERAL_CONVERSION = YES;
				CLANG_WARN_OBJC_ROOT_CLASS = YES_ERROR;
				CLANG_WARN_RANGE_LOOP_ANALYSIS = YES;
				CLANG_WARN_STRICT_PROTOTYPES = YES;
				CLANG_WARN_SUSPICIOUS_MOVE = YES;
				CLANG_WARN_UNGUARDED_AVAILABILITY = YES_AGGRESSIVE;
				CLANG_WARN_UNREACHABLE_CODE = YES;
				CLANG_WARN__DUPLICATE_METHOD_MATCH = YES;
				CODE_SIGN_IDENTITY = "iPhone Developer";
				COPY_PHASE_STRIP = NO;
				DEBUG_INFORMATION_FORMAT = dwarf;
				ENABLE_STRICT_OBJC_MSGSEND = YES;
				ENABLE_TESTABILITY = YES;
				GCC_C_LANGUAGE_STANDARD = gnu11;
				GCC_DYNAMIC_NO_PIC = NO;
				GCC_NO_COMMON_BLOCKS = YES;
				GCC_OPTIMIZATION_LEVEL = 0;
				GCC_PREPROCESSOR_DEFINITIONS = (
					"DEBUG=1",
					"$(inherited)",
				);
				GCC_WARN_64_TO_32_BIT_CONVERSION = YES;
				GCC_WARN_ABOUT_RETURN_TYPE = YES_ERROR;
				GCC_WARN_UNDECLARED_SELECTOR = YES;
				GCC_WARN_UNINITIALIZED_AUTOS = YES_AGGRESSIVE;
				GCC_WARN_UNUSED_FUNCTION = YES;
				GCC_WARN_UNUSED_VARIABLE = YES;
				IPHONEOS_DEPLOYMENT_TARGET = 11.2;
				MTL_ENABLE_DEBUG_INFO = YES;
				ONLY_ACTIVE_ARCH = YES;
				SDKROOT = iphoneos;
				SWIFT_ACTIVE_COMPILATION_CONDITIONS = DEBUG;
				SWIFT_OPTIMIZATION_LEVEL = "-Onone";
			};
			name = Debug;
		};
		935F84692049E3BF00814A09 /* Release */ = {
			isa = XCBuildConfiguration;
			buildSettings = {
				ALWAYS_SEARCH_USER_PATHS = NO;
				CLANG_ANALYZER_NONNULL = YES;
				CLANG_ANALYZER_NUMBER_OBJECT_CONVERSION = YES_AGGRESSIVE;
				CLANG_CXX_LANGUAGE_STANDARD = "gnu++14";
				CLANG_CXX_LIBRARY = "libc++";
				CLANG_ENABLE_MODULES = YES;
				CLANG_ENABLE_OBJC_ARC = YES;
				CLANG_WARN_BLOCK_CAPTURE_AUTORELEASING = YES;
				CLANG_WARN_BOOL_CONVERSION = YES;
				CLANG_WARN_COMMA = YES;
				CLANG_WARN_CONSTANT_CONVERSION = YES;
				CLANG_WARN_DIRECT_OBJC_ISA_USAGE = YES_ERROR;
				CLANG_WARN_DOCUMENTATION_COMMENTS = YES;
				CLANG_WARN_EMPTY_BODY = YES;
				CLANG_WARN_ENUM_CONVERSION = YES;
				CLANG_WARN_INFINITE_RECURSION = YES;
				CLANG_WARN_INT_CONVERSION = YES;
				CLANG_WARN_NON_LITERAL_NULL_CONVERSION = YES;
				CLANG_WARN_OBJC_LITERAL_CONVERSION = YES;
				CLANG_WARN_OBJC_ROOT_CLASS = YES_ERROR;
				CLANG_WARN_RANGE_LOOP_ANALYSIS = YES;
				CLANG_WARN_STRICT_PROTOTYPES = YES;
				CLANG_WARN_SUSPICIOUS_MOVE = YES;
				CLANG_WARN_UNGUARDED_AVAILABILITY = YES_AGGRESSIVE;
				CLANG_WARN_UNREACHABLE_CODE = YES;
				CLANG_WARN__DUPLICATE_METHOD_MATCH = YES;
				CODE_SIGN_IDENTITY = "iPhone Developer";
				COPY_PHASE_STRIP = NO;
				DEBUG_INFORMATION_FORMAT = "dwarf-with-dsym";
				ENABLE_NS_ASSERTIONS = NO;
				ENABLE_STRICT_OBJC_MSGSEND = YES;
				GCC_C_LANGUAGE_STANDARD = gnu11;
				GCC_NO_COMMON_BLOCKS = YES;
				GCC_WARN_64_TO_32_BIT_CONVERSION = YES;
				GCC_WARN_ABOUT_RETURN_TYPE = YES_ERROR;
				GCC_WARN_UNDECLARED_SELECTOR = YES;
				GCC_WARN_UNINITIALIZED_AUTOS = YES_AGGRESSIVE;
				GCC_WARN_UNUSED_FUNCTION = YES;
				GCC_WARN_UNUSED_VARIABLE = YES;
				IPHONEOS_DEPLOYMENT_TARGET = 11.2;
				MTL_ENABLE_DEBUG_INFO = NO;
				SDKROOT = iphoneos;
				SWIFT_OPTIMIZATION_LEVEL = "-Owholemodule";
				VALIDATE_PRODUCT = YES;
			};
			name = Release;
		};
		935F846B2049E3BF00814A09 /* Debug */ = {
			isa = XCBuildConfiguration;
			buildSettings = {
				ASSETCATALOG_COMPILER_APPICON_NAME = AppIcon;
				CODE_SIGN_STYLE = Automatic;
				DEVELOPMENT_TEAM = YB65KBNGN6;
				INFOPLIST_FILE = AnimatedWaveViewExample/Info.plist;
				IPHONEOS_DEPLOYMENT_TARGET = 10.0;
				LD_RUNPATH_SEARCH_PATHS = "$(inherited) @executable_path/Frameworks";
				PRODUCT_BUNDLE_IDENTIFIER = com.s23NYC.AnimatedWaveViewExample;
				PRODUCT_NAME = "$(TARGET_NAME)";
				SWIFT_VERSION = 4.0;
				TARGETED_DEVICE_FAMILY = "1,2";
			};
			name = Debug;
		};
		935F846C2049E3BF00814A09 /* Release */ = {
			isa = XCBuildConfiguration;
			buildSettings = {
				ASSETCATALOG_COMPILER_APPICON_NAME = AppIcon;
				CODE_SIGN_STYLE = Automatic;
				DEVELOPMENT_TEAM = YB65KBNGN6;
				INFOPLIST_FILE = AnimatedWaveViewExample/Info.plist;
				IPHONEOS_DEPLOYMENT_TARGET = 10.0;
				LD_RUNPATH_SEARCH_PATHS = "$(inherited) @executable_path/Frameworks";
				PRODUCT_BUNDLE_IDENTIFIER = com.s23NYC.AnimatedWaveViewExample;
				PRODUCT_NAME = "$(TARGET_NAME)";
				SWIFT_VERSION = 4.0;
				TARGETED_DEVICE_FAMILY = "1,2";
			};
			name = Release;
		};
		935F846E2049E3BF00814A09 /* Debug */ = {
			isa = XCBuildConfiguration;
			buildSettings = {
				ALWAYS_EMBED_SWIFT_STANDARD_LIBRARIES = YES;
				BUNDLE_LOADER = "$(TEST_HOST)";
				CODE_SIGN_STYLE = Automatic;
				DEVELOPMENT_TEAM = YB65KBNGN6;
				INFOPLIST_FILE = AnimatedWaveViewExampleTests/Info.plist;
				LD_RUNPATH_SEARCH_PATHS = "$(inherited) @executable_path/Frameworks @loader_path/Frameworks";
				PRODUCT_BUNDLE_IDENTIFIER = com.s23NYC.AnimatedWaveViewExampleTests;
				PRODUCT_NAME = "$(TARGET_NAME)";
				SWIFT_VERSION = 4.0;
				TARGETED_DEVICE_FAMILY = "1,2";
				TEST_HOST = "$(BUILT_PRODUCTS_DIR)/AnimatedWaveViewExample.app/AnimatedWaveViewExample";
			};
			name = Debug;
		};
		935F846F2049E3BF00814A09 /* Release */ = {
			isa = XCBuildConfiguration;
			buildSettings = {
				ALWAYS_EMBED_SWIFT_STANDARD_LIBRARIES = YES;
				BUNDLE_LOADER = "$(TEST_HOST)";
				CODE_SIGN_STYLE = Automatic;
				DEVELOPMENT_TEAM = YB65KBNGN6;
				INFOPLIST_FILE = AnimatedWaveViewExampleTests/Info.plist;
				LD_RUNPATH_SEARCH_PATHS = "$(inherited) @executable_path/Frameworks @loader_path/Frameworks";
				PRODUCT_BUNDLE_IDENTIFIER = com.s23NYC.AnimatedWaveViewExampleTests;
				PRODUCT_NAME = "$(TARGET_NAME)";
				SWIFT_VERSION = 4.0;
				TARGETED_DEVICE_FAMILY = "1,2";
				TEST_HOST = "$(BUILT_PRODUCTS_DIR)/AnimatedWaveViewExample.app/AnimatedWaveViewExample";
			};
			name = Release;
		};
		935F84712049E3BF00814A09 /* Debug */ = {
			isa = XCBuildConfiguration;
			buildSettings = {
				ALWAYS_EMBED_SWIFT_STANDARD_LIBRARIES = YES;
				CODE_SIGN_STYLE = Automatic;
				DEVELOPMENT_TEAM = YB65KBNGN6;
				INFOPLIST_FILE = AnimatedWaveViewExampleUITests/Info.plist;
				LD_RUNPATH_SEARCH_PATHS = "$(inherited) @executable_path/Frameworks @loader_path/Frameworks";
				PRODUCT_BUNDLE_IDENTIFIER = com.s23NYC.AnimatedWaveViewExampleUITests;
				PRODUCT_NAME = "$(TARGET_NAME)";
				SWIFT_VERSION = 4.0;
				TARGETED_DEVICE_FAMILY = "1,2";
				TEST_TARGET_NAME = AnimatedWaveViewExample;
			};
			name = Debug;
		};
		935F84722049E3BF00814A09 /* Release */ = {
			isa = XCBuildConfiguration;
			buildSettings = {
				ALWAYS_EMBED_SWIFT_STANDARD_LIBRARIES = YES;
				CODE_SIGN_STYLE = Automatic;
				DEVELOPMENT_TEAM = YB65KBNGN6;
				INFOPLIST_FILE = AnimatedWaveViewExampleUITests/Info.plist;
				LD_RUNPATH_SEARCH_PATHS = "$(inherited) @executable_path/Frameworks @loader_path/Frameworks";
				PRODUCT_BUNDLE_IDENTIFIER = com.s23NYC.AnimatedWaveViewExampleUITests;
				PRODUCT_NAME = "$(TARGET_NAME)";
				SWIFT_VERSION = 4.0;
				TARGETED_DEVICE_FAMILY = "1,2";
				TEST_TARGET_NAME = AnimatedWaveViewExample;
			};
			name = Release;
		};
/* End XCBuildConfiguration section */

/* Begin XCConfigurationList section */
		935F843D2049E3BF00814A09 /* Build configuration list for PBXProject "AnimatedWaveViewExample" */ = {
			isa = XCConfigurationList;
			buildConfigurations = (
				935F84682049E3BF00814A09 /* Debug */,
				935F84692049E3BF00814A09 /* Release */,
			);
			defaultConfigurationIsVisible = 0;
			defaultConfigurationName = Release;
		};
		935F846A2049E3BF00814A09 /* Build configuration list for PBXNativeTarget "AnimatedWaveViewExample" */ = {
			isa = XCConfigurationList;
			buildConfigurations = (
				935F846B2049E3BF00814A09 /* Debug */,
				935F846C2049E3BF00814A09 /* Release */,
			);
			defaultConfigurationIsVisible = 0;
			defaultConfigurationName = Release;
		};
		935F846D2049E3BF00814A09 /* Build configuration list for PBXNativeTarget "AnimatedWaveViewExampleTests" */ = {
			isa = XCConfigurationList;
			buildConfigurations = (
				935F846E2049E3BF00814A09 /* Debug */,
				935F846F2049E3BF00814A09 /* Release */,
			);
			defaultConfigurationIsVisible = 0;
			defaultConfigurationName = Release;
		};
		935F84702049E3BF00814A09 /* Build configuration list for PBXNativeTarget "AnimatedWaveViewExampleUITests" */ = {
			isa = XCConfigurationList;
			buildConfigurations = (
				935F84712049E3BF00814A09 /* Debug */,
				935F84722049E3BF00814A09 /* Release */,
			);
			defaultConfigurationIsVisible = 0;
			defaultConfigurationName = Release;
		};
/* End XCConfigurationList section */
	};
	rootObject = 935F843A2049E3BF00814A09 /* Project object */;
}
